// !$*UTF8*$!
{
	archiveVersion = 1;
	classes = {
	};
	objectVersion = 56;
	objects = {

/* Begin PBXBuildFile section */
		2F8655C52F58A24D00DB1E2A /* ButtonsGroups.swift in Sources */ = {isa = PBXBuildFile; fileRef = 2F8655C42F58A24300DB1E2A /* ButtonsGroups.swift */; };
		2FFCEF262F4DE5AC00156DCC /* AppDelegate.swift in Sources */ = {isa = PBXBuildFile; fileRef = 2FFCEF252F4DE5AC00156DCC /* AppDelegate.swift */; };
		2FFCEF282F4DE5AC00156DCC /* SceneDelegate.swift in Sources */ = {isa = PBXBuildFile; fileRef = 2FFCEF272F4DE5AC00156DCC /* SceneDelegate.swift */; };
		2FFCEF2A2F4DE5AC00156DCC /* MainViewController.swift in Sources */ = {isa = PBXBuildFile; fileRef = 2FFCEF292F4DE5AC00156DCC /* MainViewController.swift */; };
		2FFCEF2F2F4DE5AF00156DCC /* Assets.xcassets in Resources */ = {isa = PBXBuildFile; fileRef = 2FFCEF2E2F4DE5AF00156DCC /* Assets.xcassets */; };
		2FFCEF322F4DE5AF00156DCC /* Base in Resources */ = {isa = PBXBuildFile; fileRef = 2FFCEF312F4DE5AF00156DCC /* Base */; };
		2FFCEF3C2F4E17E400156DCC /* IBMPlexSans-Bold.ttf in Resources */ = {isa = PBXBuildFile; fileRef = 2FFCEF3B2F4E17E400156DCC /* IBMPlexSans-Bold.ttf */; };
		2FFCEF402F4E180D00156DCC /* IBMPlexSans-Medium.ttf in Resources */ = {isa = PBXBuildFile; fileRef = 2FFCEF3D2F4E180D00156DCC /* IBMPlexSans-Medium.ttf */; };
		2FFCEF412F4E180D00156DCC /* IBMPlexSans-SemiBold.ttf in Resources */ = {isa = PBXBuildFile; fileRef = 2FFCEF3E2F4E180D00156DCC /* IBMPlexSans-SemiBold.ttf */; };
		2FFCEF422F4E180D00156DCC /* IBMPlexSans-Regular.ttf in Resources */ = {isa = PBXBuildFile; fileRef = 2FFCEF3F2F4E180D00156DCC /* IBMPlexSans-Regular.ttf */; };
		2FFCEF442F4E215900156DCC /* Extentions.swift in Sources */ = {isa = PBXBuildFile; fileRef = 2FFCEF432F4E215900156DCC /* Extentions.swift */; };
/* End PBXBuildFile section */

/* Begin PBXFileReference section */
		2F8655C42F58A24300DB1E2A /* ButtonsGroups.swift */ = {isa = PBXFileReference; lastKnownFileType = sourcecode.swift; path = ButtonsGroups.swift; sourceTree = "<group>"; };
		2FFCEF222F4DE5AC00156DCC /* SpendX.app */ = {isa = PBXFileReference; explicitFileType = wrapper.application; includeInIndex = 0; path = SpendX.app; sourceTree = BUILT_PRODUCTS_DIR; };
		2FFCEF252F4DE5AC00156DCC /* AppDelegate.swift */ = {isa = PBXFileReference; lastKnownFileType = sourcecode.swift; path = AppDelegate.swift; sourceTree = "<group>"; };
		2FFCEF272F4DE5AC00156DCC /* SceneDelegate.swift */ = {isa = PBXFileReference; lastKnownFileType = sourcecode.swift; path = SceneDelegate.swift; sourceTree = "<group>"; };
		2FFCEF292F4DE5AC00156DCC /* MainViewController.swift */ = {isa = PBXFileReference; lastKnownFileType = sourcecode.swift; path = MainViewController.swift; sourceTree = "<group>"; };
		2FFCEF2E2F4DE5AF00156DCC /* Assets.xcassets */ = {isa = PBXFileReference; lastKnownFileType = folder.assetcatalog; path = Assets.xcassets; sourceTree = "<group>"; };
		2FFCEF312F4DE5AF00156DCC /* Base */ = {isa = PBXFileReference; lastKnownFileType = file.storyboard; name = Base; path = Base.lproj/LaunchScreen.storyboard; sourceTree = "<group>"; };
		2FFCEF332F4DE5AF00156DCC /* Info.plist */ = {isa = PBXFileReference; lastKnownFileType = text.plist.xml; path = Info.plist; sourceTree = "<group>"; };
		2FFCEF3B2F4E17E400156DCC /* IBMPlexSans-Bold.ttf */ = {isa = PBXFileReference; lastKnownFileType = file; path = "IBMPlexSans-Bold.ttf"; sourceTree = "<group>"; };
		2FFCEF3D2F4E180D00156DCC /* IBMPlexSans-Medium.ttf */ = {isa = PBXFileReference; lastKnownFileType = file; path = "IBMPlexSans-Medium.ttf"; sourceTree = "<group>"; };
		2FFCEF3E2F4E180D00156DCC /* IBMPlexSans-SemiBold.ttf */ = {isa = PBXFileReference; lastKnownFileType = file; path = "IBMPlexSans-SemiBold.ttf"; sourceTree = "<group>"; };
		2FFCEF3F2F4E180D00156DCC /* IBMPlexSans-Regular.ttf */ = {isa = PBXFileReference; lastKnownFileType = file; path = "IBMPlexSans-Regular.ttf"; sourceTree = "<group>"; };
		2FFCEF432F4E215900156DCC /* Extentions.swift */ = {isa = PBXFileReference; lastKnownFileType = sourcecode.swift; path = Extentions.swift; sourceTree = "<group>"; };
/* End PBXFileReference section */

/* Begin PBXFrameworksBuildPhase section */
		2FFCEF1F2F4DE5AC00156DCC /* Frameworks */ = {
			isa = PBXFrameworksBuildPhase;
			buildActionMask = 2147483647;
			files = (
			);
			runOnlyForDeploymentPostprocessing = 0;
		};
/* End PBXFrameworksBuildPhase section */

/* Begin PBXGroup section */
		2F8655C32F58A22F00DB1E2A /* VC */ = {
			isa = PBXGroup;
			children = (
				2F8655C42F58A24300DB1E2A /* ButtonsGroups.swift */,
				2FFCEF292F4DE5AC00156DCC /* MainViewController.swift */,
			);
			path = VC;
			sourceTree = "<group>";
		};
		2FFCEF192F4DE5AC00156DCC = {
			isa = PBXGroup;
			children = (
				2FFCEF242F4DE5AC00156DCC /* SpendX */,
				2FFCEF232F4DE5AC00156DCC /* Products */,
			);
			sourceTree = "<group>";
		};
		2FFCEF232F4DE5AC00156DCC /* Products */ = {
			isa = PBXGroup;
			children = (
				2FFCEF222F4DE5AC00156DCC /* SpendX.app */,
			);
			name = Products;
			sourceTree = "<group>";
		};
		2FFCEF242F4DE5AC00156DCC /* SpendX */ = {
			isa = PBXGroup;
			children = (
				2F8655C32F58A22F00DB1E2A /* VC */,
				2FFCEF3A2F4E176900156DCC /* Fonts */,
				2FFCEF252F4DE5AC00156DCC /* AppDelegate.swift */,
				2FFCEF272F4DE5AC00156DCC /* SceneDelegate.swift */,
				2FFCEF2E2F4DE5AF00156DCC /* Assets.xcassets */,
				2FFCEF302F4DE5AF00156DCC /* LaunchScreen.storyboard */,
				2FFCEF332F4DE5AF00156DCC /* Info.plist */,
				2FFCEF432F4E215900156DCC /* Extentions.swift */,
			);
			path = SpendX;
			sourceTree = "<group>";
		};
		2FFCEF3A2F4E176900156DCC /* Fonts */ = {
			isa = PBXGroup;
			children = (
				2FFCEF3D2F4E180D00156DCC /* IBMPlexSans-Medium.ttf */,
				2FFCEF3F2F4E180D00156DCC /* IBMPlexSans-Regular.ttf */,
				2FFCEF3E2F4E180D00156DCC /* IBMPlexSans-SemiBold.ttf */,
				2FFCEF3B2F4E17E400156DCC /* IBMPlexSans-Bold.ttf */,
			);
			path = Fonts;
			sourceTree = "<group>";
		};
/* End PBXGroup section */

/* Begin PBXNativeTarget section */
		2FFCEF212F4DE5AC00156DCC /* SpendX */ = {
			isa = PBXNativeTarget;
			buildConfigurationList = 2FFCEF362F4DE5AF00156DCC /* Build configuration list for PBXNativeTarget "SpendX" */;
			buildPhases = (
				2FFCEF1E2F4DE5AC00156DCC /* Sources */,
				2FFCEF1F2F4DE5AC00156DCC /* Frameworks */,
				2FFCEF202F4DE5AC00156DCC /* Resources */,
			);
			buildRules = (
			);
			dependencies = (
			);
			name = SpendX;
			productName = SpendX;
			productReference = 2FFCEF222F4DE5AC00156DCC /* SpendX.app */;
			productType = "com.apple.product-type.application";
		};
/* End PBXNativeTarget section */

/* Begin PBXProject section */
		2FFCEF1A2F4DE5AC00156DCC /* Project object */ = {
			isa = PBXProject;
			attributes = {
				BuildIndependentTargetsInParallel = 1;
				LastSwiftUpdateCheck = 1540;
				LastUpgradeCheck = 1540;
				TargetAttributes = {
					2FFCEF212F4DE5AC00156DCC = {
						CreatedOnToolsVersion = 15.4;
					};
				};
			};
			buildConfigurationList = 2FFCEF1D2F4DE5AC00156DCC /* Build configuration list for PBXProject "SpendX" */;
			compatibilityVersion = "Xcode 14.0";
			developmentRegion = en;
			hasScannedForEncodings = 0;
			knownRegions = (
				en,
				Base,
			);
			mainGroup = 2FFCEF192F4DE5AC00156DCC;
			productRefGroup = 2FFCEF232F4DE5AC00156DCC /* Products */;
			projectDirPath = "";
			projectRoot = "";
			targets = (
				2FFCEF212F4DE5AC00156DCC /* SpendX */,
			);
		};
/* End PBXProject section */

/* Begin PBXResourcesBuildPhase section */
		2FFCEF202F4DE5AC00156DCC /* Resources */ = {
			isa = PBXResourcesBuildPhase;
			buildActionMask = 2147483647;
			files = (
				2FFCEF2F2F4DE5AF00156DCC /* Assets.xcassets in Resources */,
				2FFCEF322F4DE5AF00156DCC /* Base in Resources */,
				2FFCEF412F4E180D00156DCC /* IBMPlexSans-SemiBold.ttf in Resources */,
				2FFCEF402F4E180D00156DCC /* IBMPlexSans-Medium.ttf in Resources */,
				2FFCEF422F4E180D00156DCC /* IBMPlexSans-Regular.ttf in Resources */,
				2FFCEF3C2F4E17E400156DCC /* IBMPlexSans-Bold.ttf in Resources */,
			);
			runOnlyForDeploymentPostprocessing = 0;
		};
/* End PBXResourcesBuildPhase section */

/* Begin PBXSourcesBuildPhase section */
		2FFCEF1E2F4DE5AC00156DCC /* Sources */ = {
			isa = PBXSourcesBuildPhase;
			buildActionMask = 2147483647;
			files = (
				2FFCEF442F4E215900156DCC /* Extentions.swift in Sources */,
				2F8655C52F58A24D00DB1E2A /* ButtonsGroups.swift in Sources */,
				2FFCEF2A2F4DE5AC00156DCC /* MainViewController.swift in Sources */,
				2FFCEF262F4DE5AC00156DCC /* AppDelegate.swift in Sources */,
				2FFCEF282F4DE5AC00156DCC /* SceneDelegate.swift in Sources */,
			);
			runOnlyForDeploymentPostprocessing = 0;
		};
/* End PBXSourcesBuildPhase section */

/* Begin PBXVariantGroup section */
		2FFCEF302F4DE5AF00156DCC /* LaunchScreen.storyboard */ = {
			isa = PBXVariantGroup;
			children = (
				2FFCEF312F4DE5AF00156DCC /* Base */,
			);
			name = LaunchScreen.storyboard;
			sourceTree = "<group>";
		};
/* End PBXVariantGroup section */

/* Begin XCBuildConfiguration section */
		2FFCEF342F4DE5AF00156DCC /* Debug */ = {
			isa = XCBuildConfiguration;
			buildSettings = {
				ALWAYS_SEARCH_USER_PATHS = NO;
				ASSETCATALOG_COMPILER_GENERATE_SWIFT_ASSET_SYMBOL_EXTENSIONS = YES;
				CLANG_ANALYZER_NONNULL = YES;
				CLANG_ANALYZER_NUMBER_OBJECT_CONVERSION = YES_AGGRESSIVE;
				CLANG_CXX_LANGUAGE_STANDARD = "gnu++20";
				CLANG_ENABLE_MODULES = YES;
				CLANG_ENABLE_OBJC_ARC = YES;
				CLANG_ENABLE_OBJC_WEAK = YES;
				CLANG_WARN_BLOCK_CAPTURE_AUTORELEASING = YES;
				CLANG_WARN_BOOL_CONVERSION = YES;
				CLANG_WARN_COMMA = YES;
				CLANG_WARN_CONSTANT_CONVERSION = YES;
				CLANG_WARN_DEPRECATED_OBJC_IMPLEMENTATIONS = YES;
				CLANG_WARN_DIRECT_OBJC_ISA_USAGE = YES_ERROR;
				CLANG_WARN_DOCUMENTATION_COMMENTS = YES;
				CLANG_WARN_EMPTY_BODY = YES;
				CLANG_WARN_ENUM_CONVERSION = YES;
				CLANG_WARN_INFINITE_RECURSION = YES;
				CLANG_WARN_INT_CONVERSION = YES;
				CLANG_WARN_NON_LITERAL_NULL_CONVERSION = YES;
				CLANG_WARN_OBJC_IMPLICIT_RETAIN_SELF = YES;
				CLANG_WARN_OBJC_LITERAL_CONVERSION = YES;
				CLANG_WARN_OBJC_ROOT_CLASS = YES_ERROR;
				CLANG_WARN_QUOTED_INCLUDE_IN_FRAMEWORK_HEADER = YES;
				CLANG_WARN_RANGE_LOOP_ANALYSIS = YES;
				CLANG_WARN_STRICT_PROTOTYPES = YES;
				CLANG_WARN_SUSPICIOUS_MOVE = YES;
				CLANG_WARN_UNGUARDED_AVAILABILITY = YES_AGGRESSIVE;
				CLANG_WARN_UNREACHABLE_CODE = YES;
				CLANG_WARN__DUPLICATE_METHOD_MATCH = YES;
				COPY_PHASE_STRIP = NO;
				DEBUG_INFORMATION_FORMAT = dwarf;
				ENABLE_STRICT_OBJC_MSGSEND = YES;
				ENABLE_TESTABILITY = YES;
				ENABLE_USER_SCRIPT_SANDBOXING = YES;
				GCC_C_LANGUAGE_STANDARD = gnu17;
				GCC_DYNAMIC_NO_PIC = NO;
				GCC_NO_COMMON_BLOCKS = YES;
				GCC_OPTIMIZATION_LEVEL = 0;
				GCC_PREPROCESSOR_DEFINITIONS = (
					"DEBUG=1",
					"$(inherited)",
				);
				GCC_WARN_64_TO_32_BIT_CONVERSION = YES;
				GCC_WARN_ABOUT_RETURN_TYPE = YES_ERROR;
				GCC_WARN_UNDECLARED_SELECTOR = YES;
				GCC_WARN_UNINITIALIZED_AUTOS = YES_AGGRESSIVE;
				GCC_WARN_UNUSED_FUNCTION = YES;
				GCC_WARN_UNUSED_VARIABLE = YES;
				IPHONEOS_DEPLOYMENT_TARGET = 15.0;
				LOCALIZATION_PREFERS_STRING_CATALOGS = YES;
				MTL_ENABLE_DEBUG_INFO = INCLUDE_SOURCE;
				MTL_FAST_MATH = YES;
				ONLY_ACTIVE_ARCH = YES;
				SDKROOT = iphoneos;
				SWIFT_ACTIVE_COMPILATION_CONDITIONS = "DEBUG $(inherited)";
				SWIFT_OPTIMIZATION_LEVEL = "-Onone";
			};
			name = Debug;
		};
		2FFCEF352F4DE5AF00156DCC /* Release */ = {
			isa = XCBuildConfiguration;
			buildSettings = {
				ALWAYS_SEARCH_USER_PATHS = NO;
				ASSETCATALOG_COMPILER_GENERATE_SWIFT_ASSET_SYMBOL_EXTENSIONS = YES;
				CLANG_ANALYZER_NONNULL = YES;
				CLANG_ANALYZER_NUMBER_OBJECT_CONVERSION = YES_AGGRESSIVE;
				CLANG_CXX_LANGUAGE_STANDARD = "gnu++20";
				CLANG_ENABLE_MODULES = YES;
				CLANG_ENABLE_OBJC_ARC = YES;
				CLANG_ENABLE_OBJC_WEAK = YES;
				CLANG_WARN_BLOCK_CAPTURE_AUTORELEASING = YES;
				CLANG_WARN_BOOL_CONVERSION = YES;
				CLANG_WARN_COMMA = YES;
				CLANG_WARN_CONSTANT_CONVERSION = YES;
				CLANG_WARN_DEPRECATED_OBJC_IMPLEMENTATIONS = YES;
				CLANG_WARN_DIRECT_OBJC_ISA_USAGE = YES_ERROR;
				CLANG_WARN_DOCUMENTATION_COMMENTS = YES;
				CLANG_WARN_EMPTY_BODY = YES;
				CLANG_WARN_ENUM_CONVERSION = YES;
				CLANG_WARN_INFINITE_RECURSION = YES;
				CLANG_WARN_INT_CONVERSION = YES;
				CLANG_WARN_NON_LITERAL_NULL_CONVERSION = YES;
				CLANG_WARN_OBJC_IMPLICIT_RETAIN_SELF = YES;
				CLANG_WARN_OBJC_LITERAL_CONVERSION = YES;
				CLANG_WARN_OBJC_ROOT_CLASS = YES_ERROR;
				CLANG_WARN_QUOTED_INCLUDE_IN_FRAMEWORK_HEADER = YES;
				CLANG_WARN_RANGE_LOOP_ANALYSIS = YES;
				CLANG_WARN_STRICT_PROTOTYPES = YES;
				CLANG_WARN_SUSPICIOUS_MOVE = YES;
				CLANG_WARN_UNGUARDED_AVAILABILITY = YES_AGGRESSIVE;
				CLANG_WARN_UNREACHABLE_CODE = YES;
				CLANG_WARN__DUPLICATE_METHOD_MATCH = YES;
				COPY_PHASE_STRIP = NO;
				DEBUG_INFORMATION_FORMAT = "dwarf-with-dsym";
				ENABLE_NS_ASSERTIONS = NO;
				ENABLE_STRICT_OBJC_MSGSEND = YES;
				ENABLE_USER_SCRIPT_SANDBOXING = YES;
				GCC_C_LANGUAGE_STANDARD = gnu17;
				GCC_NO_COMMON_BLOCKS = YES;
				GCC_WARN_64_TO_32_BIT_CONVERSION = YES;
				GCC_WARN_ABOUT_RETURN_TYPE = YES_ERROR;
				GCC_WARN_UNDECLARED_SELECTOR = YES;
				GCC_WARN_UNINITIALIZED_AUTOS = YES_AGGRESSIVE;
				GCC_WARN_UNUSED_FUNCTION = YES;
				GCC_WARN_UNUSED_VARIABLE = YES;
				IPHONEOS_DEPLOYMENT_TARGET = 15.0;
				LOCALIZATION_PREFERS_STRING_CATALOGS = YES;
				MTL_ENABLE_DEBUG_INFO = NO;
				MTL_FAST_MATH = YES;
				SDKROOT = iphoneos;
				SWIFT_COMPILATION_MODE = wholemodule;
				VALIDATE_PRODUCT = YES;
			};
			name = Release;
		};
		2FFCEF372F4DE5AF00156DCC /* Debug */ = {
			isa = XCBuildConfiguration;
			buildSettings = {
				ASSETCATALOG_COMPILER_APPICON_NAME = AppIcon;
				ASSETCATALOG_COMPILER_GLOBAL_ACCENT_COLOR_NAME = AccentColor;
				CODE_SIGN_STYLE = Automatic;
				CURRENT_PROJECT_VERSION = 1;
				DEVELOPMENT_TEAM = ZRDP3KUYDD;
				GENERATE_INFOPLIST_FILE = YES;
				INFOPLIST_FILE = SpendX/Info.plist;
				INFOPLIST_KEY_LSApplicationCategoryType = "public.app-category.finance";
				INFOPLIST_KEY_UIApplicationSupportsIndirectInputEvents = YES;
				INFOPLIST_KEY_UILaunchStoryboardName = LaunchScreen;
				INFOPLIST_KEY_UIStatusBarHidden = NO;
				INFOPLIST_KEY_UIStatusBarStyle = "";
				INFOPLIST_KEY_UISupportedInterfaceOrientations = UIInterfaceOrientationPortrait;
				IPHONEOS_DEPLOYMENT_TARGET = 15.0;
				LD_RUNPATH_SEARCH_PATHS = (
					"$(inherited)",
					"@executable_path/Frameworks",
				);
				MARKETING_VERSION = 1.0;
				PRODUCT_BUNDLE_IDENTIFIER = "com.CPT.egor-galkin29.SpendX";
				PRODUCT_NAME = "$(TARGET_NAME)";
				SWIFT_EMIT_LOC_STRINGS = YES;
				SWIFT_VERSION = 5.0;
				TARGETED_DEVICE_FAMILY = "1,2";
			};
			name = Debug;
		};
		2FFCEF382F4DE5AF00156DCC /* Release */ = {
			isa = XCBuildConfiguration;
			buildSettings = {
				ASSETCATALOG_COMPILER_APPICON_NAME = AppIcon;
				ASSETCATALOG_COMPILER_GLOBAL_ACCENT_COLOR_NAME = AccentColor;
				CODE_SIGN_STYLE = Automatic;
				CURRENT_PROJECT_VERSION = 1;
				DEVELOPMENT_TEAM = ZRDP3KUYDD;
				GENERATE_INFOPLIST_FILE = YES;
				INFOPLIST_FILE = SpendX/Info.plist;
				INFOPLIST_KEY_LSApplicationCategoryType = "public.app-category.finance";
				INFOPLIST_KEY_UIApplicationSupportsIndirectInputEvents = YES;
				INFOPLIST_KEY_UILaunchStoryboardName = LaunchScreen;
				INFOPLIST_KEY_UIStatusBarHidden = NO;
				INFOPLIST_KEY_UIStatusBarStyle = "";
				INFOPLIST_KEY_UISupportedInterfaceOrientations = UIInterfaceOrientationPortrait;
				IPHONEOS_DEPLOYMENT_TARGET = 15.0;
				LD_RUNPATH_SEARCH_PATHS = (
					"$(inherited)",
					"@executable_path/Frameworks",
				);
				MARKETING_VERSION = 1.0;
				PRODUCT_BUNDLE_IDENTIFIER = "com.CPT.egor-galkin29.SpendX";
				PRODUCT_NAME = "$(TARGET_NAME)";
				SWIFT_EMIT_LOC_STRINGS = YES;
				SWIFT_VERSION = 5.0;
				TARGETED_DEVICE_FAMILY = "1,2";
			};
			name = Release;
		};
/* End XCBuildConfiguration section */

/* Begin XCConfigurationList section */
		2FFCEF1D2F4DE5AC00156DCC /* Build configuration list for PBXProject "SpendX" */ = {
			isa = XCConfigurationList;
			buildConfigurations = (
				2FFCEF342F4DE5AF00156DCC /* Debug */,
				2FFCEF352F4DE5AF00156DCC /* Release */,
			);
			defaultConfigurationIsVisible = 0;
			defaultConfigurationName = Release;
		};
		2FFCEF362F4DE5AF00156DCC /* Build configuration list for PBXNativeTarget "SpendX" */ = {
			isa = XCConfigurationList;
			buildConfigurations = (
				2FFCEF372F4DE5AF00156DCC /* Debug */,
				2FFCEF382F4DE5AF00156DCC /* Release */,
			);
			defaultConfigurationIsVisible = 0;
			defaultConfigurationName = Release;
		};
/* End XCConfigurationList section */
	};
	rootObject = 2FFCEF1A2F4DE5AC00156DCC /* Project object */;
}
